// !$*UTF8*$!
{
	archiveVersion = 1;
	classes = {
	};
	objectVersion = 77;
	objects = {

/* Begin PBXContainerItemProxy section */
		6FE502042DBCAEAF00CE22EC /* PBXContainerItemProxy */ = {
			isa = PBXContainerItemProxy;
			containerPortal = 6FE501E52DBCAEAD00CE22EC /* Project object */;
			proxyType = 1;
			remoteGlobalIDString = 6FE501EC2DBCAEAD00CE22EC;
			remoteInfo = ios101Project;
		};
		6FE5020E2DBCAEAF00CE22EC /* PBXContainerItemProxy */ = {
			isa = PBXContainerItemProxy;
			containerPortal = 6FE501E52DBCAEAD00CE22EC /* Project object */;
			proxyType = 1;
			remoteGlobalIDString = 6FE501EC2DBCAEAD00CE22EC;
			remoteInfo = ios101Project;
		};
/* End PBXContainerItemProxy section */

/* Begin PBXFileReference section */
		6FE501ED2DBCAEAD00CE22EC /* ios101Project.app */ = {isa = PBXFileReference; explicitFileType = wrapper.application; includeInIndex = 0; path = ios101Project.app; sourceTree = BUILT_PRODUCTS_DIR; };
		6FE502032DBCAEAF00CE22EC /* ios101ProjectTests.xctest */ = {isa = PBXFileReference; explicitFileType = wrapper.cfbundle; includeInIndex = 0; path = ios101ProjectTests.xctest; sourceTree = BUILT_PRODUCTS_DIR; };
		6FE5020D2DBCAEAF00CE22EC /* ios101ProjectUITests.xctest */ = {isa = PBXFileReference; explicitFileType = wrapper.cfbundle; includeInIndex = 0; path = ios101ProjectUITests.xctest; sourceTree = BUILT_PRODUCTS_DIR; };
/* End PBXFileReference section */

/* Begin PBXFileSystemSynchronizedBuildFileExceptionSet section */
		6FE502152DBCAEAF00CE22EC /* Exceptions for "ios101Project" folder in "ios101Project" target */ = {
			isa = PBXFileSystemSynchronizedBuildFileExceptionSet;
			membershipExceptions = (
				Info.plist,
			);
			target = 6FE501EC2DBCAEAD00CE22EC /* ios101Project */;
		};
/* End PBXFileSystemSynchronizedBuildFileExceptionSet section */

/* Begin PBXFileSystemSynchronizedRootGroup section */
		6FE501EF2DBCAEAD00CE22EC /* ios101Project */ = {
			isa = PBXFileSystemSynchronizedRootGroup;
			exceptions = (
				6FE502152DBCAEAF00CE22EC /* Exceptions for "ios101Project" folder in "ios101Project" target */,
			);
			path = ios101Project;
			sourceTree = "<group>";
		};
		6FE502062DBCAEAF00CE22EC /* ios101ProjectTests */ = {
			isa = PBXFileSystemSynchronizedRootGroup;
			path = ios101ProjectTests;
			sourceTree = "<group>";
		};
		6FE502102DBCAEAF00CE22EC /* ios101ProjectUITests */ = {
			isa = PBXFileSystemSynchronizedRootGroup;
			path = ios101ProjectUITests;
			sourceTree = "<group>";
		};
/* End PBXFileSystemSynchronizedRootGroup section */

/* Begin PBXFrameworksBuildPhase section */
		6FE501EA2DBCAEAD00CE22EC /* Frameworks */ = {
			isa = PBXFrameworksBuildPhase;
			buildActionMask = 2147483647;
			files = (
			);
			runOnlyForDeploymentPostprocessing = 0;
		};
		6FE502002DBCAEAF00CE22EC /* Frameworks */ = {
			isa = PBXFrameworksBuildPhase;
			buildActionMask = 2147483647;
			files = (
			);
			runOnlyForDeploymentPostprocessing = 0;
		};
		6FE5020A2DBCAEAF00CE22EC /* Frameworks */ = {
			isa = PBXFrameworksBuildPhase;
			buildActionMask = 2147483647;
			files = (
			);
			runOnlyForDeploymentPostprocessing = 0;
		};
/* End PBXFrameworksBuildPhase section */

/* Begin PBXGroup section */
		6FE501E42DBCAEAD00CE22EC = {
			isa = PBXGroup;
			children = (
				6FE501EF2DBCAEAD00CE22EC /* ios101Project */,
				6FE502062DBCAEAF00CE22EC /* ios101ProjectTests */,
				6FE502102DBCAEAF00CE22EC /* ios101ProjectUITests */,
				6FE501EE2DBCAEAD00CE22EC /* Products */,
			);
			sourceTree = "<group>";
		};
		6FE501EE2DBCAEAD00CE22EC /* Products */ = {
			isa = PBXGroup;
			children = (
				6FE501ED2DBCAEAD00CE22EC /* ios101Project.app */,
				6FE502032DBCAEAF00CE22EC /* ios101ProjectTests.xctest */,
				6FE5020D2DBCAEAF00CE22EC /* ios101ProjectUITests.xctest */,
			);
			name = Products;
			sourceTree = "<group>";
		};
/* End PBXGroup section */

/* Begin PBXNativeTarget section */
		6FE501EC2DBCAEAD00CE22EC /* ios101Project */ = {
			isa = PBXNativeTarget;
			buildConfigurationList = 6FE502162DBCAEAF00CE22EC /* Build configuration list for PBXNativeTarget "ios101Project" */;
			buildPhases = (
				6FE501E92DBCAEAD00CE22EC /* Sources */,
				6FE501EA2DBCAEAD00CE22EC /* Frameworks */,
				6FE501EB2DBCAEAD00CE22EC /* Resources */,
			);
			buildRules = (
			);
			dependencies = (
			);
			fileSystemSynchronizedGroups = (
				6FE501EF2DBCAEAD00CE22EC /* ios101Project */,
			);
			name = ios101Project;
			packageProductDependencies = (
			);
			productName = ios101Project;
			productReference = 6FE501ED2DBCAEAD00CE22EC /* ios101Project.app */;
			productType = "com.apple.product-type.application";
		};
		6FE502022DBCAEAF00CE22EC /* ios101ProjectTests */ = {
			isa = PBXNativeTarget;
			buildConfigurationList = 6FE5021B2DBCAEAF00CE22EC /* Build configuration list for PBXNativeTarget "ios101ProjectTests" */;
			buildPhases = (
				6FE501FF2DBCAEAF00CE22EC /* Sources */,
				6FE502002DBCAEAF00CE22EC /* Frameworks */,
				6FE502012DBCAEAF00CE22EC /* Resources */,
			);
			buildRules = (
			);
			dependencies = (
				6FE502052DBCAEAF00CE22EC /* PBXTargetDependency */,
			);
			fileSystemSynchronizedGroups = (
				6FE502062DBCAEAF00CE22EC /* ios101ProjectTests */,
			);
			name = ios101ProjectTests;
			packageProductDependencies = (
			);
			productName = ios101ProjectTests;
			productReference = 6FE502032DBCAEAF00CE22EC /* ios101ProjectTests.xctest */;
			productType = "com.apple.product-type.bundle.unit-test";
		};
		6FE5020C2DBCAEAF00CE22EC /* ios101ProjectUITests */ = {
			isa = PBXNativeTarget;
			buildConfigurationList = 6FE5021E2DBCAEAF00CE22EC /* Build configuration list for PBXNativeTarget "ios101ProjectUITests" */;
			buildPhases = (
				6FE502092DBCAEAF00CE22EC /* Sources */,
				6FE5020A2DBCAEAF00CE22EC /* Frameworks */,
				6FE5020B2DBCAEAF00CE22EC /* Resources */,
			);
			buildRules = (
			);
			dependencies = (
				6FE5020F2DBCAEAF00CE22EC /* PBXTargetDependency */,
			);
			fileSystemSynchronizedGroups = (
				6FE502102DBCAEAF00CE22EC /* ios101ProjectUITests */,
			);
			name = ios101ProjectUITests;
			packageProductDependencies = (
			);
			productName = ios101ProjectUITests;
			productReference = 6FE5020D2DBCAEAF00CE22EC /* ios101ProjectUITests.xctest */;
			productType = "com.apple.product-type.bundle.ui-testing";
		};
/* End PBXNativeTarget section */

/* Begin PBXProject section */
		6FE501E52DBCAEAD00CE22EC /* Project object */ = {
			isa = PBXProject;
			attributes = {
				BuildIndependentTargetsInParallel = 1;
				LastSwiftUpdateCheck = 1630;
				LastUpgradeCheck = 1630;
				TargetAttributes = {
					6FE501EC2DBCAEAD00CE22EC = {
						CreatedOnToolsVersion = 16.3;
					};
					6FE502022DBCAEAF00CE22EC = {
						CreatedOnToolsVersion = 16.3;
						TestTargetID = 6FE501EC2DBCAEAD00CE22EC;
					};
					6FE5020C2DBCAEAF00CE22EC = {
						CreatedOnToolsVersion = 16.3;
						TestTargetID = 6FE501EC2DBCAEAD00CE22EC;
					};
				};
			};
			buildConfigurationList = 6FE501E82DBCAEAD00CE22EC /* Build configuration list for PBXProject "ios101Project" */;
			developmentRegion = en;
			hasScannedForEncodings = 0;
			knownRegions = (
				en,
				Base,
			);
			mainGroup = 6FE501E42DBCAEAD00CE22EC;
			minimizedProjectReferenceProxies = 1;
			preferredProjectObjectVersion = 77;
			productRefGroup = 6FE501EE2DBCAEAD00CE22EC /* Products */;
			projectDirPath = "";
			projectRoot = "";
			targets = (
				6FE501EC2DBCAEAD00CE22EC /* ios101Project */,
				6FE502022DBCAEAF00CE22EC /* ios101ProjectTests */,
				6FE5020C2DBCAEAF00CE22EC /* ios101ProjectUITests */,
			);
		};
/* End PBXProject section */

/* Begin PBXResourcesBuildPhase section */
		6FE501EB2DBCAEAD00CE22EC /* Resources */ = {
			isa = PBXResourcesBuildPhase;
			buildActionMask = 2147483647;
			files = (
			);
			runOnlyForDeploymentPostprocessing = 0;
		};
		6FE502012DBCAEAF00CE22EC /* Resources */ = {
			isa = PBXResourcesBuildPhase;
			buildActionMask = 2147483647;
			files = (
			);
			runOnlyForDeploymentPostprocessing = 0;
		};
		6FE5020B2DBCAEAF00CE22EC /* Resources */ = {
			isa = PBXResourcesBuildPhase;
			buildActionMask = 2147483647;
			files = (
			);
			runOnlyForDeploymentPostprocessing = 0;
		};
/* End PBXResourcesBuildPhase section */

/* Begin PBXSourcesBuildPhase section */
		6FE501E92DBCAEAD00CE22EC /* Sources */ = {
			isa = PBXSourcesBuildPhase;
			buildActionMask = 2147483647;
			files = (
			);
			runOnlyForDeploymentPostprocessing = 0;
		};
		6FE501FF2DBCAEAF00CE22EC /* Sources */ = {
			isa = PBXSourcesBuildPhase;
			buildActionMask = 2147483647;
			files = (
			);
			runOnlyForDeploymentPostprocessing = 0;
		};
		6FE502092DBCAEAF00CE22EC /* Sources */ = {
			isa = PBXSourcesBuildPhase;
			buildActionMask = 2147483647;
			files = (
			);
			runOnlyForDeploymentPostprocessing = 0;
		};
/* End PBXSourcesBuildPhase section */

/* Begin PBXTargetDependency section */
		6FE502052DBCAEAF00CE22EC /* PBXTargetDependency */ = {
			isa = PBXTargetDependency;
			target = 6FE501EC2DBCAEAD00CE22EC /* ios101Project */;
			targetProxy = 6FE502042DBCAEAF00CE22EC /* PBXContainerItemProxy */;
		};
		6FE5020F2DBCAEAF00CE22EC /* PBXTargetDependency */ = {
			isa = PBXTargetDependency;
			target = 6FE501EC2DBCAEAD00CE22EC /* ios101Project */;
			targetProxy = 6FE5020E2DBCAEAF00CE22EC /* PBXContainerItemProxy */;
		};
/* End PBXTargetDependency section */

/* Begin XCBuildConfiguration section */
		6FE502172DBCAEAF00CE22EC /* Debug */ = {
			isa = XCBuildConfiguration;
			buildSettings = {
				ASSETCATALOG_COMPILER_APPICON_NAME = AppIcon;
				ASSETCATALOG_COMPILER_GLOBAL_ACCENT_COLOR_NAME = AccentColor;
				CODE_SIGN_STYLE = Automatic;
				CURRENT_PROJECT_VERSION = 1;
				GENERATE_INFOPLIST_FILE = YES;
				INFOPLIST_FILE = ios101Project/Info.plist;
				INFOPLIST_KEY_UIApplicationSupportsIndirectInputEvents = YES;
				INFOPLIST_KEY_UILaunchStoryboardName = LaunchScreen;
				INFOPLIST_KEY_UIMainStoryboardFile = Main;
				INFOPLIST_KEY_UISupportedInterfaceOrientations_iPad = "UIInterfaceOrientationPortrait UIInterfaceOrientationPortraitUpsideDown UIInterfaceOrientationLandscapeLeft UIInterfaceOrientationLandscapeRight";
				INFOPLIST_KEY_UISupportedInterfaceOrientations_iPhone = "UIInterfaceOrientationPortrait UIInterfaceOrientationLandscapeLeft UIInterfaceOrientationLandscapeRight";
				LD_RUNPATH_SEARCH_PATHS = (
					"$(inherited)",
					"@executable_path/Frameworks",
				);
				MARKETING_VERSION = 1.0;
				PRODUCT_BUNDLE_IDENTIFIER = annasarcangel.ios101Project;
				PRODUCT_NAME = "$(TARGET_NAME)";
				SWIFT_EMIT_LOC_STRINGS = YES;
				SWIFT_VERSION = 5.0;
				TARGETED_DEVICE_FAMILY = "1,2";
			};
			name = Debug;
		};
		6FE502182DBCAEAF00CE22EC /* Release */ = {
			isa = XCBuildConfiguration;
			buildSettings = {
				ASSETCATALOG_COMPILER_APPICON_NAME = AppIcon;
				ASSETCATALOG_COMPILER_GLOBAL_ACCENT_COLOR_NAME = AccentColor;
				CODE_SIGN_STYLE = Automatic;
				CURRENT_PROJECT_VERSION = 1;
				GENERATE_INFOPLIST_FILE = YES;
				INFOPLIST_FILE = ios101Project/Info.plist;
				INFOPLIST_KEY_UIApplicationSupportsIndirectInputEvents = YES;
				INFOPLIST_KEY_UILaunchStoryboardName = LaunchScreen;
				INFOPLIST_KEY_UIMainStoryboardFile = Main;
				INFOPLIST_KEY_UISupportedInterfaceOrientations_iPad = "UIInterfaceOrientationPortrait UIInterfaceOrientationPortraitUpsideDown UIInterfaceOrientationLandscapeLeft UIInterfaceOrientationLandscapeRight";
				INFOPLIST_KEY_UISupportedInterfaceOrientations_iPhone = "UIInterfaceOrientationPortrait UIInterfaceOrientationLandscapeLeft UIInterfaceOrientationLandscapeRight";
				LD_RUNPATH_SEARCH_PATHS = (
					"$(inherited)",
					"@executable_path/Frameworks",
				);
				MARKETING_VERSION = 1.0;
				PRODUCT_BUNDLE_IDENTIFIER = annasarcangel.ios101Project;
				PRODUCT_NAME = "$(TARGET_NAME)";
				SWIFT_EMIT_LOC_STRINGS = YES;
				SWIFT_VERSION = 5.0;
				TARGETED_DEVICE_FAMILY = "1,2";
			};
			name = Release;
		};
		6FE502192DBCAEAF00CE22EC /* Debug */ = {
			isa = XCBuildConfiguration;
			buildSettings = {
				ALWAYS_SEARCH_USER_PATHS = NO;
				ASSETCATALOG_COMPILER_GENERATE_SWIFT_ASSET_SYMBOL_EXTENSIONS = YES;
				CLANG_ANALYZER_NONNULL = YES;
				CLANG_ANALYZER_NUMBER_OBJECT_CONVERSION = YES_AGGRESSIVE;
				CLANG_CXX_LANGUAGE_STANDARD = "gnu++20";
				CLANG_ENABLE_MODULES = YES;
				CLANG_ENABLE_OBJC_ARC = YES;
				CLANG_ENABLE_OBJC_WEAK = YES;
				CLANG_WARN_BLOCK_CAPTURE_AUTORELEASING = YES;
				CLANG_WARN_BOOL_CONVERSION = YES;
				CLANG_WARN_COMMA = YES;
				CLANG_WARN_CONSTANT_CONVERSION = YES;
				CLANG_WARN_DEPRECATED_OBJC_IMPLEMENTATIONS = YES;
				CLANG_WARN_DIRECT_OBJC_ISA_USAGE = YES_ERROR;
				CLANG_WARN_DOCUMENTATION_COMMENTS = YES;
				CLANG_WARN_EMPTY_BODY = YES;
				CLANG_WARN_ENUM_CONVERSION = YES;
				CLANG_WARN_INFINITE_RECURSION = YES;
				CLANG_WARN_INT_CONVERSION = YES;
				CLANG_WARN_NON_LITERAL_NULL_CONVERSION = YES;
				CLANG_WARN_OBJC_IMPLICIT_RETAIN_SELF = YES;
				CLANG_WARN_OBJC_LITERAL_CONVERSION = YES;
				CLANG_WARN_OBJC_ROOT_CLASS = YES_ERROR;
				CLANG_WARN_QUOTED_INCLUDE_IN_FRAMEWORK_HEADER = YES;
				CLANG_WARN_RANGE_LOOP_ANALYSIS = YES;
				CLANG_WARN_STRICT_PROTOTYPES = YES;
				CLANG_WARN_SUSPICIOUS_MOVE = YES;
				CLANG_WARN_UNGUARDED_AVAILABILITY = YES_AGGRESSIVE;
				CLANG_WARN_UNREACHABLE_CODE = YES;
				CLANG_WARN__DUPLICATE_METHOD_MATCH = YES;
				COPY_PHASE_STRIP = NO;
				DEBUG_INFORMATION_FORMAT = dwarf;
				ENABLE_STRICT_OBJC_MSGSEND = YES;
				ENABLE_TESTABILITY = YES;
				ENABLE_USER_SCRIPT_SANDBOXING = YES;
				GCC_C_LANGUAGE_STANDARD = gnu17;
				GCC_DYNAMIC_NO_PIC = NO;
				GCC_NO_COMMON_BLOCKS = YES;
				GCC_OPTIMIZATION_LEVEL = 0;
				GCC_PREPROCESSOR_DEFINITIONS = (
					"DEBUG=1",
					"$(inherited)",
				);
				GCC_WARN_64_TO_32_BIT_CONVERSION = YES;
				GCC_WARN_ABOUT_RETURN_TYPE = YES_ERROR;
				GCC_WARN_UNDECLARED_SELECTOR = YES;
				GCC_WARN_UNINITIALIZED_AUTOS = YES_AGGRESSIVE;
				GCC_WARN_UNUSED_FUNCTION = YES;
				GCC_WARN_UNUSED_VARIABLE = YES;
				IPHONEOS_DEPLOYMENT_TARGET = 18.4;
				LOCALIZATION_PREFERS_STRING_CATALOGS = YES;
				MTL_ENABLE_DEBUG_INFO = INCLUDE_SOURCE;
				MTL_FAST_MATH = YES;
				ONLY_ACTIVE_ARCH = YES;
				SDKROOT = iphoneos;
				SWIFT_ACTIVE_COMPILATION_CONDITIONS = "DEBUG $(inherited)";
				SWIFT_OPTIMIZATION_LEVEL = "-Onone";
			};
			name = Debug;
		};
		6FE5021A2DBCAEAF00CE22EC /* Release */ = {
			isa = XCBuildConfiguration;
			buildSettings = {
				ALWAYS_SEARCH_USER_PATHS = NO;
				ASSETCATALOG_COMPILER_GENERATE_SWIFT_ASSET_SYMBOL_EXTENSIONS = YES;
				CLANG_ANALYZER_NONNULL = YES;
				CLANG_ANALYZER_NUMBER_OBJECT_CONVERSION = YES_AGGRESSIVE;
				CLANG_CXX_LANGUAGE_STANDARD = "gnu++20";
				CLANG_ENABLE_MODULES = YES;
				CLANG_ENABLE_OBJC_ARC = YES;
				CLANG_ENABLE_OBJC_WEAK = YES;
				CLANG_WARN_BLOCK_CAPTURE_AUTORELEASING = YES;
				CLANG_WARN_BOOL_CONVERSION = YES;
				CLANG_WARN_COMMA = YES;
				CLANG_WARN_CONSTANT_CONVERSION = YES;
				CLANG_WARN_DEPRECATED_OBJC_IMPLEMENTATIONS = YES;
				CLANG_WARN_DIRECT_OBJC_ISA_USAGE = YES_ERROR;
				CLANG_WARN_DOCUMENTATION_COMMENTS = YES;
				CLANG_WARN_EMPTY_BODY = YES;
				CLANG_WARN_ENUM_CONVERSION = YES;
				CLANG_WARN_INFINITE_RECURSION = YES;
				CLANG_WARN_INT_CONVERSION = YES;
				CLANG_WARN_NON_LITERAL_NULL_CONVERSION = YES;
				CLANG_WARN_OBJC_IMPLICIT_RETAIN_SELF = YES;
				CLANG_WARN_OBJC_LITERAL_CONVERSION = YES;
				CLANG_WARN_OBJC_ROOT_CLASS = YES_ERROR;
				CLANG_WARN_QUOTED_INCLUDE_IN_FRAMEWORK_HEADER = YES;
				CLANG_WARN_RANGE_LOOP_ANALYSIS = YES;
				CLANG_WARN_STRICT_PROTOTYPES = YES;
				CLANG_WARN_SUSPICIOUS_MOVE = YES;
				CLANG_WARN_UNGUARDED_AVAILABILITY = YES_AGGRESSIVE;
				CLANG_WARN_UNREACHABLE_CODE = YES;
				CLANG_WARN__DUPLICATE_METHOD_MATCH = YES;
				COPY_PHASE_STRIP = NO;
				DEBUG_INFORMATION_FORMAT = "dwarf-with-dsym";
				ENABLE_NS_ASSERTIONS = NO;
				ENABLE_STRICT_OBJC_MSGSEND = YES;
				ENABLE_USER_SCRIPT_SANDBOXING = YES;
				GCC_C_LANGUAGE_STANDARD = gnu17;
				GCC_NO_COMMON_BLOCKS = YES;
				GCC_WARN_64_TO_32_BIT_CONVERSION = YES;
				GCC_WARN_ABOUT_RETURN_TYPE = YES_ERROR;
				GCC_WARN_UNDECLARED_SELECTOR = YES;
				GCC_WARN_UNINITIALIZED_AUTOS = YES_AGGRESSIVE;
				GCC_WARN_UNUSED_FUNCTION = YES;
				GCC_WARN_UNUSED_VARIABLE = YES;
				IPHONEOS_DEPLOYMENT_TARGET = 18.4;
				LOCALIZATION_PREFERS_STRING_CATALOGS = YES;
				MTL_ENABLE_DEBUG_INFO = NO;
				MTL_FAST_MATH = YES;
				SDKROOT = iphoneos;
				SWIFT_COMPILATION_MODE = wholemodule;
				VALIDATE_PRODUCT = YES;
			};
			name = Release;
		};
		6FE5021C2DBCAEAF00CE22EC /* Debug */ = {
			isa = XCBuildConfiguration;
			buildSettings = {
				BUNDLE_LOADER = "$(TEST_HOST)";
				CODE_SIGN_STYLE = Automatic;
				CURRENT_PROJECT_VERSION = 1;
				GENERATE_INFOPLIST_FILE = YES;
				IPHONEOS_DEPLOYMENT_TARGET = 18.4;
				MARKETING_VERSION = 1.0;
				PRODUCT_BUNDLE_IDENTIFIER = annasarcangel.ios101ProjectTests;
				PRODUCT_NAME = "$(TARGET_NAME)";
				SWIFT_EMIT_LOC_STRINGS = NO;
				SWIFT_VERSION = 5.0;
				TARGETED_DEVICE_FAMILY = "1,2";
				TEST_HOST = "$(BUILT_PRODUCTS_DIR)/ios101Project.app/$(BUNDLE_EXECUTABLE_FOLDER_PATH)/ios101Project";
			};
			name = Debug;
		};
		6FE5021D2DBCAEAF00CE22EC /* Release */ = {
			isa = XCBuildConfiguration;
			buildSettings = {
				BUNDLE_LOADER = "$(TEST_HOST)";
				CODE_SIGN_STYLE = Automatic;
				CURRENT_PROJECT_VERSION = 1;
				GENERATE_INFOPLIST_FILE = YES;
				IPHONEOS_DEPLOYMENT_TARGET = 18.4;
				MARKETING_VERSION = 1.0;
				PRODUCT_BUNDLE_IDENTIFIER = annasarcangel.ios101ProjectTests;
				PRODUCT_NAME = "$(TARGET_NAME)";
				SWIFT_EMIT_LOC_STRINGS = NO;
				SWIFT_VERSION = 5.0;
				TARGETED_DEVICE_FAMILY = "1,2";
				TEST_HOST = "$(BUILT_PRODUCTS_DIR)/ios101Project.app/$(BUNDLE_EXECUTABLE_FOLDER_PATH)/ios101Project";
			};
			name = Release;
		};
		6FE5021F2DBCAEAF00CE22EC /* Debug */ = {
			isa = XCBuildConfiguration;
			buildSettings = {
				CODE_SIGN_STYLE = Automatic;
				CURRENT_PROJECT_VERSION = 1;
				GENERATE_INFOPLIST_FILE = YES;
				MARKETING_VERSION = 1.0;
				PRODUCT_BUNDLE_IDENTIFIER = annasarcangel.ios101ProjectUITests;
				PRODUCT_NAME = "$(TARGET_NAME)";
				SWIFT_EMIT_LOC_STRINGS = NO;
				SWIFT_VERSION = 5.0;
				TARGETED_DEVICE_FAMILY = "1,2";
				TEST_TARGET_NAME = ios101Project;
			};
			name = Debug;
		};
		6FE502202DBCAEAF00CE22EC /* Release */ = {
			isa = XCBuildConfiguration;
			buildSettings = {
				CODE_SIGN_STYLE = Automatic;
				CURRENT_PROJECT_VERSION = 1;
				GENERATE_INFOPLIST_FILE = YES;
				MARKETING_VERSION = 1.0;
				PRODUCT_BUNDLE_IDENTIFIER = annasarcangel.ios101ProjectUITests;
				PRODUCT_NAME = "$(TARGET_NAME)";
				SWIFT_EMIT_LOC_STRINGS = NO;
				SWIFT_VERSION = 5.0;
				TARGETED_DEVICE_FAMILY = "1,2";
				TEST_TARGET_NAME = ios101Project;
			};
			name = Release;
		};
/* End XCBuildConfiguration section */

/* Begin XCConfigurationList section */
		6FE501E82DBCAEAD00CE22EC /* Build configuration list for PBXProject "ios101Project" */ = {
			isa = XCConfigurationList;
			buildConfigurations = (
				6FE502192DBCAEAF00CE22EC /* Debug */,
				6FE5021A2DBCAEAF00CE22EC /* Release */,
			);
			defaultConfigurationIsVisible = 0;
			defaultConfigurationName = Release;
		};
		6FE502162DBCAEAF00CE22EC /* Build configuration list for PBXNativeTarget "ios101Project" */ = {
			isa = XCConfigurationList;
			buildConfigurations = (
				6FE502172DBCAEAF00CE22EC /* Debug */,
				6FE502182DBCAEAF00CE22EC /* Release */,
			);
			defaultConfigurationIsVisible = 0;
			defaultConfigurationName = Release;
		};
		6FE5021B2DBCAEAF00CE22EC /* Build configuration list for PBXNativeTarget "ios101ProjectTests" */ = {
			isa = XCConfigurationList;
			buildConfigurations = (
				6FE5021C2DBCAEAF00CE22EC /* Debug */,
				6FE5021D2DBCAEAF00CE22EC /* Release */,
			);
			defaultConfigurationIsVisible = 0;
			defaultConfigurationName = Release;
		};
		6FE5021E2DBCAEAF00CE22EC /* Build configuration list for PBXNativeTarget "ios101ProjectUITests" */ = {
			isa = XCConfigurationList;
			buildConfigurations = (
				6FE5021F2DBCAEAF00CE22EC /* Debug */,
				6FE502202DBCAEAF00CE22EC /* Release */,
			);
			defaultConfigurationIsVisible = 0;
			defaultConfigurationName = Release;
		};
/* End XCConfigurationList section */
	};
	rootObject = 6FE501E52DBCAEAD00CE22EC /* Project object */;
}
